// !$*UTF8*$!
{
	archiveVersion = 1;
	classes = {
	};
	objectVersion = 46;
	objects = {

/* Begin PBXBuildFile section */
		498F4A311CD1A29B007B1E61 /* HomeViewController.swift in Sources */ = {isa = PBXBuildFile; fileRef = 498F4A301CD1A29B007B1E61 /* HomeViewController.swift */; };
		49BCFC4F1CD19B4E004841AC /* AppDelegate.swift in Sources */ = {isa = PBXBuildFile; fileRef = 49BCFC4E1CD19B4E004841AC /* AppDelegate.swift */; };
		49BCFC541CD19B4E004841AC /* Main.storyboard in Resources */ = {isa = PBXBuildFile; fileRef = 49BCFC521CD19B4E004841AC /* Main.storyboard */; };
		49BCFC561CD19B4E004841AC /* Assets.xcassets in Resources */ = {isa = PBXBuildFile; fileRef = 49BCFC551CD19B4E004841AC /* Assets.xcassets */; };
		49BCFC591CD19B4E004841AC /* LaunchScreen.storyboard in Resources */ = {isa = PBXBuildFile; fileRef = 49BCFC571CD19B4E004841AC /* LaunchScreen.storyboard */; };
/* End PBXBuildFile section */

/* Begin PBXFileReference section */
		498F4A301CD1A29B007B1E61 /* HomeViewController.swift */ = {isa = PBXFileReference; fileEncoding = 4; lastKnownFileType = sourcecode.swift; path = HomeViewController.swift; sourceTree = "<group>"; };
		49BCFC4B1CD19B4E004841AC /* PhotoBrowser.app */ = {isa = PBXFileReference; explicitFileType = wrapper.application; includeInIndex = 0; path = PhotoBrowser.app; sourceTree = BUILT_PRODUCTS_DIR; };
		49BCFC4E1CD19B4E004841AC /* AppDelegate.swift */ = {isa = PBXFileReference; lastKnownFileType = sourcecode.swift; path = AppDelegate.swift; sourceTree = "<group>"; };
		49BCFC531CD19B4E004841AC /* Base */ = {isa = PBXFileReference; lastKnownFileType = file.storyboard; name = Base; path = Base.lproj/Main.storyboard; sourceTree = "<group>"; };
		49BCFC551CD19B4E004841AC /* Assets.xcassets */ = {isa = PBXFileReference; lastKnownFileType = folder.assetcatalog; path = Assets.xcassets; sourceTree = "<group>"; };
		49BCFC581CD19B4E004841AC /* Base */ = {isa = PBXFileReference; lastKnownFileType = file.storyboard; name = Base; path = Base.lproj/LaunchScreen.storyboard; sourceTree = "<group>"; };
		49BCFC5A1CD19B4E004841AC /* Info.plist */ = {isa = PBXFileReference; lastKnownFileType = text.plist.xml; path = Info.plist; sourceTree = "<group>"; };
/* End PBXFileReference section */

/* Begin PBXFrameworksBuildPhase section */
		49BCFC481CD19B4E004841AC /* Frameworks */ = {
			isa = PBXFrameworksBuildPhase;
			buildActionMask = 2147483647;
			files = (
			);
			runOnlyForDeploymentPostprocessing = 0;
		};
/* End PBXFrameworksBuildPhase section */

/* Begin PBXGroup section */
		498F4A2A1CD1A24B007B1E61 /* Classes */ = {
			isa = PBXGroup;
			children = (
				498F4A2B1CD1A24B007B1E61 /* Home */,
				498F4A2C1CD1A24B007B1E61 /* PhotoBrowser */,
				498F4A2D1CD1A24B007B1E61 /* Tools */,
			);
			path = Classes;
			sourceTree = "<group>";
		};
		498F4A2B1CD1A24B007B1E61 /* Home */ = {
			isa = PBXGroup;
			children = (
				498F4A301CD1A29B007B1E61 /* HomeViewController.swift */,
			);
			path = Home;
			sourceTree = "<group>";
		};
		498F4A2C1CD1A24B007B1E61 /* PhotoBrowser */ = {
			isa = PBXGroup;
			children = (
			);
			path = PhotoBrowser;
			sourceTree = "<group>";
		};
		498F4A2D1CD1A24B007B1E61 /* Tools */ = {
			isa = PBXGroup;
			children = (
			);
			path = Tools;
			sourceTree = "<group>";
		};
		49BCFC421CD19B4E004841AC = {
			isa = PBXGroup;
			children = (
				49BCFC4D1CD19B4E004841AC /* PhotoBrowser */,
				49BCFC4C1CD19B4E004841AC /* Products */,
			);
			sourceTree = "<group>";
		};
		49BCFC4C1CD19B4E004841AC /* Products */ = {
			isa = PBXGroup;
			children = (
				49BCFC4B1CD19B4E004841AC /* PhotoBrowser.app */,
			);
			name = Products;
			sourceTree = "<group>";
		};
		49BCFC4D1CD19B4E004841AC /* PhotoBrowser */ = {
			isa = PBXGroup;
			children = (
				498F4A2A1CD1A24B007B1E61 /* Classes */,
				49BCFC4E1CD19B4E004841AC /* AppDelegate.swift */,
				49BCFC521CD19B4E004841AC /* Main.storyboard */,
				49BCFC551CD19B4E004841AC /* Assets.xcassets */,
				49BCFC571CD19B4E004841AC /* LaunchScreen.storyboard */,
				49BCFC5A1CD19B4E004841AC /* Info.plist */,
			);
			path = PhotoBrowser;
			sourceTree = "<group>";
		};
/* End PBXGroup section */

/* Begin PBXNativeTarget section */
		49BCFC4A1CD19B4E004841AC /* PhotoBrowser */ = {
			isa = PBXNativeTarget;
			buildConfigurationList = 49BCFC5D1CD19B4E004841AC /* Build configuration list for PBXNativeTarget "PhotoBrowser" */;
			buildPhases = (
				49BCFC471CD19B4E004841AC /* Sources */,
				49BCFC481CD19B4E004841AC /* Frameworks */,
				49BCFC491CD19B4E004841AC /* Resources */,
			);
			buildRules = (
			);
			dependencies = (
			);
			name = PhotoBrowser;
			productName = PhotoBrowser;
			productReference = 49BCFC4B1CD19B4E004841AC /* PhotoBrowser.app */;
			productType = "com.apple.product-type.application";
		};
/* End PBXNativeTarget section */

/* Begin PBXProject section */
		49BCFC431CD19B4E004841AC /* Project object */ = {
			isa = PBXProject;
			attributes = {
				LastSwiftUpdateCheck = 0720;
				LastUpgradeCheck = 0720;
				ORGANIZATIONNAME = MaYuan;
				TargetAttributes = {
					49BCFC4A1CD19B4E004841AC = {
						CreatedOnToolsVersion = 7.2.1;
						DevelopmentTeam = 6QKP4X5CQW;
					};
				};
			};
			buildConfigurationList = 49BCFC461CD19B4E004841AC /* Build configuration list for PBXProject "PhotoBrowser" */;
			compatibilityVersion = "Xcode 3.2";
			developmentRegion = English;
			hasScannedForEncodings = 0;
			knownRegions = (
				en,
				Base,
			);
			mainGroup = 49BCFC421CD19B4E004841AC;
			productRefGroup = 49BCFC4C1CD19B4E004841AC /* Products */;
			projectDirPath = "";
			projectRoot = "";
			targets = (
				49BCFC4A1CD19B4E004841AC /* PhotoBrowser */,
			);
		};
/* End PBXProject section */

/* Begin PBXResourcesBuildPhase section */
		49BCFC491CD19B4E004841AC /* Resources */ = {
			isa = PBXResourcesBuildPhase;
			buildActionMask = 2147483647;
			files = (
				49BCFC591CD19B4E004841AC /* LaunchScreen.storyboard in Resources */,
				49BCFC561CD19B4E004841AC /* Assets.xcassets in Resources */,
				49BCFC541CD19B4E004841AC /* Main.storyboard in Resources */,
			);
			runOnlyForDeploymentPostprocessing = 0;
		};
/* End PBXResourcesBuildPhase section */

/* Begin PBXSourcesBuildPhase section */
		49BCFC471CD19B4E004841AC /* Sources */ = {
			isa = PBXSourcesBuildPhase;
			buildActionMask = 2147483647;
			files = (
				49BCFC4F1CD19B4E004841AC /* AppDelegate.swift in Sources */,
				498F4A311CD1A29B007B1E61 /* HomeViewController.swift in Sources */,
			);
			runOnlyForDeploymentPostprocessing = 0;
		};
/* End PBXSourcesBuildPhase section */

/* Begin PBXVariantGroup section */
		49BCFC521CD19B4E004841AC /* Main.storyboard */ = {
			isa = PBXVariantGroup;
			children = (
				49BCFC531CD19B4E004841AC /* Base */,
			);
			name = Main.storyboard;
			sourceTree = "<group>";
		};
		49BCFC571CD19B4E004841AC /* LaunchScreen.storyboard */ = {
			isa = PBXVariantGroup;
			children = (
				49BCFC581CD19B4E004841AC /* Base */,
			);
			name = LaunchScreen.storyboard;
			sourceTree = "<group>";
		};
/* End PBXVariantGroup section */

/* Begin XCBuildConfiguration section */
		49BCFC5B1CD19B4E004841AC /* Debug */ = {
			isa = XCBuildConfiguration;
			buildSettings = {
				ALWAYS_SEARCH_USER_PATHS = NO;
				CLANG_CXX_LANGUAGE_STANDARD = "gnu++0x";
				CLANG_CXX_LIBRARY = "libc++";
				CLANG_ENABLE_MODULES = YES;
				CLANG_ENABLE_OBJC_ARC = YES;
				CLANG_WARN_BOOL_CONVERSION = YES;
				CLANG_WARN_CONSTANT_CONVERSION = YES;
				CLANG_WARN_DIRECT_OBJC_ISA_USAGE = YES_ERROR;
				CLANG_WARN_EMPTY_BODY = YES;
				CLANG_WARN_ENUM_CONVERSION = YES;
				CLANG_WARN_INT_CONVERSION = YES;
				CLANG_WARN_OBJC_ROOT_CLASS = YES_ERROR;
				CLANG_WARN_UNREACHABLE_CODE = YES;
				CLANG_WARN__DUPLICATE_METHOD_MATCH = YES;
				"CODE_SIGN_IDENTITY[sdk=iphoneos*]" = "iPhone Developer";
				COPY_PHASE_STRIP = NO;
				DEBUG_INFORMATION_FORMAT = dwarf;
				ENABLE_STRICT_OBJC_MSGSEND = YES;
				ENABLE_TESTABILITY = YES;
				GCC_C_LANGUAGE_STANDARD = gnu99;
				GCC_DYNAMIC_NO_PIC = NO;
				GCC_NO_COMMON_BLOCKS = YES;
				GCC_OPTIMIZATION_LEVEL = 0;
				GCC_PREPROCESSOR_DEFINITIONS = (
					"DEBUG=1",
					"$(inherited)",
				);
				GCC_WARN_64_TO_32_BIT_CONVERSION = YES;
				GCC_WARN_ABOUT_RETURN_TYPE = YES_ERROR;
				GCC_WARN_UNDECLARED_SELECTOR = YES;
				GCC_WARN_UNINITIALIZED_AUTOS = YES_AGGRESSIVE;
				GCC_WARN_UNUSED_FUNCTION = YES;
				GCC_WARN_UNUSED_VARIABLE = YES;
				IPHONEOS_DEPLOYMENT_TARGET = 9.2;
				MTL_ENABLE_DEBUG_INFO = YES;
				ONLY_ACTIVE_ARCH = YES;
				SDKROOT = iphoneos;
				SWIFT_OPTIMIZATION_LEVEL = "-Onone";
				TARGETED_DEVICE_FAMILY = "1,2";
			};
			name = Debug;
		};
		49BCFC5C1CD19B4E004841AC /* Release */ = {
			isa = XCBuildConfiguration;
			buildSettings = {
				ALWAYS_SEARCH_USER_PATHS = NO;
				CLANG_CXX_LANGUAGE_STANDARD = "gnu++0x";
				CLANG_CXX_LIBRARY = "libc++";
				CLANG_ENABLE_MODULES = YES;
				CLANG_ENABLE_OBJC_ARC = YES;
				CLANG_WARN_BOOL_CONVERSION = YES;
				CLANG_WARN_CONSTANT_CONVERSION = YES;
				CLANG_WARN_DIRECT_OBJC_ISA_USAGE = YES_ERROR;
				CLANG_WARN_EMPTY_BODY = YES;
				CLANG_WARN_ENUM_CONVERSION = YES;
				CLANG_WARN_INT_CONVERSION = YES;
				CLANG_WARN_OBJC_ROOT_CLASS = YES_ERROR;
				CLANG_WARN_UNREACHABLE_CODE = YES;
				CLANG_WARN__DUPLICATE_METHOD_MATCH = YES;
				"CODE_SIGN_IDENTITY[sdk=iphoneos*]" = "iPhone Developer";
				COPY_PHASE_STRIP = NO;
				DEBUG_INFORMATION_FORMAT = "dwarf-with-dsym";
				ENABLE_NS_ASSERTIONS = NO;
				ENABLE_STRICT_OBJC_MSGSEND = YES;
				GCC_C_LANGUAGE_STANDARD = gnu99;
				GCC_NO_COMMON_BLOCKS = YES;
				GCC_WARN_64_TO_32_BIT_CONVERSION = YES;
				GCC_WARN_ABOUT_RETURN_TYPE = YES_ERROR;
				GCC_WARN_UNDECLARED_SELECTOR = YES;
				GCC_WARN_UNINITIALIZED_AUTOS = YES_AGGRESSIVE;
				GCC_WARN_UNUSED_FUNCTION = YES;
				GCC_WARN_UNUSED_VARIABLE = YES;
				IPHONEOS_DEPLOYMENT_TARGET = 9.2;
				MTL_ENABLE_DEBUG_INFO = NO;
				SDKROOT = iphoneos;
				TARGETED_DEVICE_FAMILY = "1,2";
				VALIDATE_PRODUCT = YES;
			};
			name = Release;
		};
		49BCFC5E1CD19B4E004841AC /* Debug */ = {
			isa = XCBuildConfiguration;
			buildSettings = {
				ASSETCATALOG_COMPILER_APPICON_NAME = AppIcon;
				ASSETCATALOG_COMPILER_LAUNCHIMAGE_NAME = "Brand Assets";
				INFOPLIST_FILE = PhotoBrowser/Info.plist;
				LD_RUNPATH_SEARCH_PATHS = "$(inherited) @executable_path/Frameworks";
				PRODUCT_BUNDLE_IDENTIFIER = MaYuan.PhotoBrowser;
				PRODUCT_NAME = "$(TARGET_NAME)";
			};
			name = Debug;
		};
		49BCFC5F1CD19B4E004841AC /* Release */ = {
			isa = XCBuildConfiguration;
			buildSettings = {
				ASSETCATALOG_COMPILER_APPICON_NAME = AppIcon;
				ASSETCATALOG_COMPILER_LAUNCHIMAGE_NAME = "Brand Assets";
				INFOPLIST_FILE = PhotoBrowser/Info.plist;
				LD_RUNPATH_SEARCH_PATHS = "$(inherited) @executable_path/Frameworks";
				PRODUCT_BUNDLE_IDENTIFIER = MaYuan.PhotoBrowser;
				PRODUCT_NAME = "$(TARGET_NAME)";
			};
			name = Release;
		};
/* End XCBuildConfiguration section */

/* Begin XCConfigurationList section */
		49BCFC461CD19B4E004841AC /* Build configuration list for PBXProject "PhotoBrowser" */ = {
			isa = XCConfigurationList;
			buildConfigurations = (
				49BCFC5B1CD19B4E004841AC /* Debug */,
				49BCFC5C1CD19B4E004841AC /* Release */,
			);
			defaultConfigurationIsVisible = 0;
			defaultConfigurationName = Release;
		};
		49BCFC5D1CD19B4E004841AC /* Build configuration list for PBXNativeTarget "PhotoBrowser" */ = {
			isa = XCConfigurationList;
			buildConfigurations = (
				49BCFC5E1CD19B4E004841AC /* Debug */,
				49BCFC5F1CD19B4E004841AC /* Release */,
			);
			defaultConfigurationIsVisible = 0;
			defaultConfigurationName = Release;
		};
/* End XCConfigurationList section */
	};
	rootObject = 49BCFC431CD19B4E004841AC /* Project object */;
}
